// !$*UTF8*$!
{
	archiveVersion = 1;
	classes = {
	};
	objectVersion = 55;
	objects = {

/* Begin PBXBuildFile section */
		6C83532027E2730D0065573E /* AppDelegate.swift in Sources */ = {isa = PBXBuildFile; fileRef = 6C83531F27E2730D0065573E /* AppDelegate.swift */; };
		6C83532227E2730D0065573E /* SceneDelegate.swift in Sources */ = {isa = PBXBuildFile; fileRef = 6C83532127E2730D0065573E /* SceneDelegate.swift */; };
		6C83532427E2730D0065573E /* ViewController.swift in Sources */ = {isa = PBXBuildFile; fileRef = 6C83532327E2730D0065573E /* ViewController.swift */; };
		6C83532727E2730D0065573E /* Main.storyboard in Resources */ = {isa = PBXBuildFile; fileRef = 6C83532527E2730D0065573E /* Main.storyboard */; };
		6C83532927E2730E0065573E /* Assets.xcassets in Resources */ = {isa = PBXBuildFile; fileRef = 6C83532827E2730E0065573E /* Assets.xcassets */; };
		6C83532C27E2730E0065573E /* LaunchScreen.storyboard in Resources */ = {isa = PBXBuildFile; fileRef = 6C83532A27E2730E0065573E /* LaunchScreen.storyboard */; };
		6C83533727E2730E0065573E /* Quiz_ver2Tests.swift in Sources */ = {isa = PBXBuildFile; fileRef = 6C83533627E2730E0065573E /* Quiz_ver2Tests.swift */; };
		6C83534127E2730E0065573E /* Quiz_ver2UITests.swift in Sources */ = {isa = PBXBuildFile; fileRef = 6C83534027E2730E0065573E /* Quiz_ver2UITests.swift */; };
		6C83534327E2730E0065573E /* Quiz_ver2UITestsLaunchTests.swift in Sources */ = {isa = PBXBuildFile; fileRef = 6C83534227E2730E0065573E /* Quiz_ver2UITestsLaunchTests.swift */; };
/* End PBXBuildFile section */

/* Begin PBXContainerItemProxy section */
		6C83533327E2730E0065573E /* PBXContainerItemProxy */ = {
			isa = PBXContainerItemProxy;
			containerPortal = 6C83531427E2730D0065573E /* Project object */;
			proxyType = 1;
			remoteGlobalIDString = 6C83531B27E2730D0065573E;
			remoteInfo = Quiz.ver2;
		};
		6C83533D27E2730E0065573E /* PBXContainerItemProxy */ = {
			isa = PBXContainerItemProxy;
			containerPortal = 6C83531427E2730D0065573E /* Project object */;
			proxyType = 1;
			remoteGlobalIDString = 6C83531B27E2730D0065573E;
			remoteInfo = Quiz.ver2;
		};
/* End PBXContainerItemProxy section */

/* Begin PBXFileReference section */
		6C83531C27E2730D0065573E /* Quiz.ver2.app */ = {isa = PBXFileReference; explicitFileType = wrapper.application; includeInIndex = 0; path = Quiz.ver2.app; sourceTree = BUILT_PRODUCTS_DIR; };
		6C83531F27E2730D0065573E /* AppDelegate.swift */ = {isa = PBXFileReference; lastKnownFileType = sourcecode.swift; path = AppDelegate.swift; sourceTree = "<group>"; };
		6C83532127E2730D0065573E /* SceneDelegate.swift */ = {isa = PBXFileReference; lastKnownFileType = sourcecode.swift; path = SceneDelegate.swift; sourceTree = "<group>"; };
		6C83532327E2730D0065573E /* ViewController.swift */ = {isa = PBXFileReference; lastKnownFileType = sourcecode.swift; path = ViewController.swift; sourceTree = "<group>"; };
		6C83532627E2730D0065573E /* Base */ = {isa = PBXFileReference; lastKnownFileType = file.storyboard; name = Base; path = Base.lproj/Main.storyboard; sourceTree = "<group>"; };
		6C83532827E2730E0065573E /* Assets.xcassets */ = {isa = PBXFileReference; lastKnownFileType = folder.assetcatalog; path = Assets.xcassets; sourceTree = "<group>"; };
		6C83532B27E2730E0065573E /* Base */ = {isa = PBXFileReference; lastKnownFileType = file.storyboard; name = Base; path = Base.lproj/LaunchScreen.storyboard; sourceTree = "<group>"; };
		6C83532D27E2730E0065573E /* Info.plist */ = {isa = PBXFileReference; lastKnownFileType = text.plist.xml; path = Info.plist; sourceTree = "<group>"; };
		6C83533227E2730E0065573E /* Quiz.ver2Tests.xctest */ = {isa = PBXFileReference; explicitFileType = wrapper.cfbundle; includeInIndex = 0; path = Quiz.ver2Tests.xctest; sourceTree = BUILT_PRODUCTS_DIR; };
		6C83533627E2730E0065573E /* Quiz_ver2Tests.swift */ = {isa = PBXFileReference; lastKnownFileType = sourcecode.swift; path = Quiz_ver2Tests.swift; sourceTree = "<group>"; };
		6C83533C27E2730E0065573E /* Quiz.ver2UITests.xctest */ = {isa = PBXFileReference; explicitFileType = wrapper.cfbundle; includeInIndex = 0; path = Quiz.ver2UITests.xctest; sourceTree = BUILT_PRODUCTS_DIR; };
		6C83534027E2730E0065573E /* Quiz_ver2UITests.swift */ = {isa = PBXFileReference; lastKnownFileType = sourcecode.swift; path = Quiz_ver2UITests.swift; sourceTree = "<group>"; };
		6C83534227E2730E0065573E /* Quiz_ver2UITestsLaunchTests.swift */ = {isa = PBXFileReference; lastKnownFileType = sourcecode.swift; path = Quiz_ver2UITestsLaunchTests.swift; sourceTree = "<group>"; };
/* End PBXFileReference section */

/* Begin PBXFrameworksBuildPhase section */
		6C83531927E2730D0065573E /* Frameworks */ = {
			isa = PBXFrameworksBuildPhase;
			buildActionMask = 2147483647;
			files = (
			);
			runOnlyForDeploymentPostprocessing = 0;
		};
		6C83532F27E2730E0065573E /* Frameworks */ = {
			isa = PBXFrameworksBuildPhase;
			buildActionMask = 2147483647;
			files = (
			);
			runOnlyForDeploymentPostprocessing = 0;
		};
		6C83533927E2730E0065573E /* Frameworks */ = {
			isa = PBXFrameworksBuildPhase;
			buildActionMask = 2147483647;
			files = (
			);
			runOnlyForDeploymentPostprocessing = 0;
		};
/* End PBXFrameworksBuildPhase section */

/* Begin PBXGroup section */
		6C83531327E2730D0065573E = {
			isa = PBXGroup;
			children = (
				6C83531E27E2730D0065573E /* Quiz.ver2 */,
				6C83533527E2730E0065573E /* Quiz.ver2Tests */,
				6C83533F27E2730E0065573E /* Quiz.ver2UITests */,
				6C83531D27E2730D0065573E /* Products */,
			);
			sourceTree = "<group>";
		};
		6C83531D27E2730D0065573E /* Products */ = {
			isa = PBXGroup;
			children = (
				6C83531C27E2730D0065573E /* Quiz.ver2.app */,
				6C83533227E2730E0065573E /* Quiz.ver2Tests.xctest */,
				6C83533C27E2730E0065573E /* Quiz.ver2UITests.xctest */,
			);
			name = Products;
			sourceTree = "<group>";
		};
		6C83531E27E2730D0065573E /* Quiz.ver2 */ = {
			isa = PBXGroup;
			children = (
				6C83531F27E2730D0065573E /* AppDelegate.swift */,
				6C83532127E2730D0065573E /* SceneDelegate.swift */,
				6C83532327E2730D0065573E /* ViewController.swift */,
				6C83532527E2730D0065573E /* Main.storyboard */,
				6C83532827E2730E0065573E /* Assets.xcassets */,
				6C83532A27E2730E0065573E /* LaunchScreen.storyboard */,
				6C83532D27E2730E0065573E /* Info.plist */,
			);
			path = Quiz.ver2;
			sourceTree = "<group>";
		};
		6C83533527E2730E0065573E /* Quiz.ver2Tests */ = {
			isa = PBXGroup;
			children = (
				6C83533627E2730E0065573E /* Quiz_ver2Tests.swift */,
			);
			path = Quiz.ver2Tests;
			sourceTree = "<group>";
		};
		6C83533F27E2730E0065573E /* Quiz.ver2UITests */ = {
			isa = PBXGroup;
			children = (
				6C83534027E2730E0065573E /* Quiz_ver2UITests.swift */,
				6C83534227E2730E0065573E /* Quiz_ver2UITestsLaunchTests.swift */,
			);
			path = Quiz.ver2UITests;
			sourceTree = "<group>";
		};
/* End PBXGroup section */

/* Begin PBXNativeTarget section */
		6C83531B27E2730D0065573E /* Quiz.ver2 */ = {
			isa = PBXNativeTarget;
			buildConfigurationList = 6C83534627E2730E0065573E /* Build configuration list for PBXNativeTarget "Quiz.ver2" */;
			buildPhases = (
				6C83531827E2730D0065573E /* Sources */,
				6C83531927E2730D0065573E /* Frameworks */,
				6C83531A27E2730D0065573E /* Resources */,
			);
			buildRules = (
			);
			dependencies = (
			);
			name = Quiz.ver2;
			productName = Quiz.ver2;
			productReference = 6C83531C27E2730D0065573E /* Quiz.ver2.app */;
			productType = "com.apple.product-type.application";
		};
		6C83533127E2730E0065573E /* Quiz.ver2Tests */ = {
			isa = PBXNativeTarget;
			buildConfigurationList = 6C83534927E2730E0065573E /* Build configuration list for PBXNativeTarget "Quiz.ver2Tests" */;
			buildPhases = (
				6C83532E27E2730E0065573E /* Sources */,
				6C83532F27E2730E0065573E /* Frameworks */,
				6C83533027E2730E0065573E /* Resources */,
			);
			buildRules = (
			);
			dependencies = (
				6C83533427E2730E0065573E /* PBXTargetDependency */,
			);
			name = Quiz.ver2Tests;
			productName = Quiz.ver2Tests;
			productReference = 6C83533227E2730E0065573E /* Quiz.ver2Tests.xctest */;
			productType = "com.apple.product-type.bundle.unit-test";
		};
		6C83533B27E2730E0065573E /* Quiz.ver2UITests */ = {
			isa = PBXNativeTarget;
			buildConfigurationList = 6C83534C27E2730E0065573E /* Build configuration list for PBXNativeTarget "Quiz.ver2UITests" */;
			buildPhases = (
				6C83533827E2730E0065573E /* Sources */,
				6C83533927E2730E0065573E /* Frameworks */,
				6C83533A27E2730E0065573E /* Resources */,
			);
			buildRules = (
			);
			dependencies = (
				6C83533E27E2730E0065573E /* PBXTargetDependency */,
			);
			name = Quiz.ver2UITests;
			productName = Quiz.ver2UITests;
			productReference = 6C83533C27E2730E0065573E /* Quiz.ver2UITests.xctest */;
			productType = "com.apple.product-type.bundle.ui-testing";
		};
/* End PBXNativeTarget section */

/* Begin PBXProject section */
		6C83531427E2730D0065573E /* Project object */ = {
			isa = PBXProject;
			attributes = {
				BuildIndependentTargetsInParallel = 1;
				LastSwiftUpdateCheck = 1330;
				LastUpgradeCheck = 1330;
				TargetAttributes = {
					6C83531B27E2730D0065573E = {
						CreatedOnToolsVersion = 13.3;
					};
					6C83533127E2730E0065573E = {
						CreatedOnToolsVersion = 13.3;
						TestTargetID = 6C83531B27E2730D0065573E;
					};
					6C83533B27E2730E0065573E = {
						CreatedOnToolsVersion = 13.3;
						TestTargetID = 6C83531B27E2730D0065573E;
					};
				};
			};
			buildConfigurationList = 6C83531727E2730D0065573E /* Build configuration list for PBXProject "Quiz.ver2" */;
			compatibilityVersion = "Xcode 13.0";
			developmentRegion = en;
			hasScannedForEncodings = 0;
			knownRegions = (
				en,
				Base,
			);
			mainGroup = 6C83531327E2730D0065573E;
			productRefGroup = 6C83531D27E2730D0065573E /* Products */;
			projectDirPath = "";
			projectRoot = "";
			targets = (
				6C83531B27E2730D0065573E /* Quiz.ver2 */,
				6C83533127E2730E0065573E /* Quiz.ver2Tests */,
				6C83533B27E2730E0065573E /* Quiz.ver2UITests */,
			);
		};
/* End PBXProject section */

/* Begin PBXResourcesBuildPhase section */
		6C83531A27E2730D0065573E /* Resources */ = {
			isa = PBXResourcesBuildPhase;
			buildActionMask = 2147483647;
			files = (
				6C83532C27E2730E0065573E /* LaunchScreen.storyboard in Resources */,
				6C83532927E2730E0065573E /* Assets.xcassets in Resources */,
				6C83532727E2730D0065573E /* Main.storyboard in Resources */,
			);
			runOnlyForDeploymentPostprocessing = 0;
		};
		6C83533027E2730E0065573E /* Resources */ = {
			isa = PBXResourcesBuildPhase;
			buildActionMask = 2147483647;
			files = (
			);
			runOnlyForDeploymentPostprocessing = 0;
		};
		6C83533A27E2730E0065573E /* Resources */ = {
			isa = PBXResourcesBuildPhase;
			buildActionMask = 2147483647;
			files = (
			);
			runOnlyForDeploymentPostprocessing = 0;
		};
/* End PBXResourcesBuildPhase section */

/* Begin PBXSourcesBuildPhase section */
		6C83531827E2730D0065573E /* Sources */ = {
			isa = PBXSourcesBuildPhase;
			buildActionMask = 2147483647;
			files = (
				6C83532427E2730D0065573E /* ViewController.swift in Sources */,
				6C83532027E2730D0065573E /* AppDelegate.swift in Sources */,
				6C83532227E2730D0065573E /* SceneDelegate.swift in Sources */,
			);
			runOnlyForDeploymentPostprocessing = 0;
		};
		6C83532E27E2730E0065573E /* Sources */ = {
			isa = PBXSourcesBuildPhase;
			buildActionMask = 2147483647;
			files = (
				6C83533727E2730E0065573E /* Quiz_ver2Tests.swift in Sources */,
			);
			runOnlyForDeploymentPostprocessing = 0;
		};
		6C83533827E2730E0065573E /* Sources */ = {
			isa = PBXSourcesBuildPhase;
			buildActionMask = 2147483647;
			files = (
				6C83534327E2730E0065573E /* Quiz_ver2UITestsLaunchTests.swift in Sources */,
				6C83534127E2730E0065573E /* Quiz_ver2UITests.swift in Sources */,
			);
			runOnlyForDeploymentPostprocessing = 0;
		};
/* End PBXSourcesBuildPhase section */

/* Begin PBXTargetDependency section */
		6C83533427E2730E0065573E /* PBXTargetDependency */ = {
			isa = PBXTargetDependency;
			target = 6C83531B27E2730D0065573E /* Quiz.ver2 */;
			targetProxy = 6C83533327E2730E0065573E /* PBXContainerItemProxy */;
		};
		6C83533E27E2730E0065573E /* PBXTargetDependency */ = {
			isa = PBXTargetDependency;
			target = 6C83531B27E2730D0065573E /* Quiz.ver2 */;
			targetProxy = 6C83533D27E2730E0065573E /* PBXContainerItemProxy */;
		};
/* End PBXTargetDependency section */

/* Begin PBXVariantGroup section */
		6C83532527E2730D0065573E /* Main.storyboard */ = {
			isa = PBXVariantGroup;
			children = (
				6C83532627E2730D0065573E /* Base */,
			);
			name = Main.storyboard;
			sourceTree = "<group>";
		};
		6C83532A27E2730E0065573E /* LaunchScreen.storyboard */ = {
			isa = PBXVariantGroup;
			children = (
				6C83532B27E2730E0065573E /* Base */,
			);
			name = LaunchScreen.storyboard;
			sourceTree = "<group>";
		};
/* End PBXVariantGroup section */

/* Begin XCBuildConfiguration section */
		6C83534427E2730E0065573E /* Debug */ = {
			isa = XCBuildConfiguration;
			buildSettings = {
				ALWAYS_SEARCH_USER_PATHS = NO;
				CLANG_ANALYZER_NONNULL = YES;
				CLANG_ANALYZER_NUMBER_OBJECT_CONVERSION = YES_AGGRESSIVE;
				CLANG_CXX_LANGUAGE_STANDARD = "gnu++17";
				CLANG_ENABLE_MODULES = YES;
				CLANG_ENABLE_OBJC_ARC = YES;
				CLANG_ENABLE_OBJC_WEAK = YES;
				CLANG_WARN_BLOCK_CAPTURE_AUTORELEASING = YES;
				CLANG_WARN_BOOL_CONVERSION = YES;
				CLANG_WARN_COMMA = YES;
				CLANG_WARN_CONSTANT_CONVERSION = YES;
				CLANG_WARN_DEPRECATED_OBJC_IMPLEMENTATIONS = YES;
				CLANG_WARN_DIRECT_OBJC_ISA_USAGE = YES_ERROR;
				CLANG_WARN_DOCUMENTATION_COMMENTS = YES;
				CLANG_WARN_EMPTY_BODY = YES;
				CLANG_WARN_ENUM_CONVERSION = YES;
				CLANG_WARN_INFINITE_RECURSION = YES;
				CLANG_WARN_INT_CONVERSION = YES;
				CLANG_WARN_NON_LITERAL_NULL_CONVERSION = YES;
				CLANG_WARN_OBJC_IMPLICIT_RETAIN_SELF = YES;
				CLANG_WARN_OBJC_LITERAL_CONVERSION = YES;
				CLANG_WARN_OBJC_ROOT_CLASS = YES_ERROR;
				CLANG_WARN_QUOTED_INCLUDE_IN_FRAMEWORK_HEADER = YES;
				CLANG_WARN_RANGE_LOOP_ANALYSIS = YES;
				CLANG_WARN_STRICT_PROTOTYPES = YES;
				CLANG_WARN_SUSPICIOUS_MOVE = YES;
				CLANG_WARN_UNGUARDED_AVAILABILITY = YES_AGGRESSIVE;
				CLANG_WARN_UNREACHABLE_CODE = YES;
				CLANG_WARN__DUPLICATE_METHOD_MATCH = YES;
				COPY_PHASE_STRIP = NO;
				DEBUG_INFORMATION_FORMAT = dwarf;
				ENABLE_STRICT_OBJC_MSGSEND = YES;
				ENABLE_TESTABILITY = YES;
				GCC_C_LANGUAGE_STANDARD = gnu11;
				GCC_DYNAMIC_NO_PIC = NO;
				GCC_NO_COMMON_BLOCKS = YES;
				GCC_OPTIMIZATION_LEVEL = 0;
				GCC_PREPROCESSOR_DEFINITIONS = (
					"DEBUG=1",
					"$(inherited)",
				);
				GCC_WARN_64_TO_32_BIT_CONVERSION = YES;
				GCC_WARN_ABOUT_RETURN_TYPE = YES_ERROR;
				GCC_WARN_UNDECLARED_SELECTOR = YES;
				GCC_WARN_UNINITIALIZED_AUTOS = YES_AGGRESSIVE;
				GCC_WARN_UNUSED_FUNCTION = YES;
				GCC_WARN_UNUSED_VARIABLE = YES;
				IPHONEOS_DEPLOYMENT_TARGET = 15.4;
				MTL_ENABLE_DEBUG_INFO = INCLUDE_SOURCE;
				MTL_FAST_MATH = YES;
				ONLY_ACTIVE_ARCH = YES;
				SDKROOT = iphoneos;
				SWIFT_ACTIVE_COMPILATION_CONDITIONS = DEBUG;
				SWIFT_OPTIMIZATION_LEVEL = "-Onone";
			};
			name = Debug;
		};
		6C83534527E2730E0065573E /* Release */ = {
			isa = XCBuildConfiguration;
			buildSettings = {
				ALWAYS_SEARCH_USER_PATHS = NO;
				CLANG_ANALYZER_NONNULL = YES;
				CLANG_ANALYZER_NUMBER_OBJECT_CONVERSION = YES_AGGRESSIVE;
				CLANG_CXX_LANGUAGE_STANDARD = "gnu++17";
				CLANG_ENABLE_MODULES = YES;
				CLANG_ENABLE_OBJC_ARC = YES;
				CLANG_ENABLE_OBJC_WEAK = YES;
				CLANG_WARN_BLOCK_CAPTURE_AUTORELEASING = YES;
				CLANG_WARN_BOOL_CONVERSION = YES;
				CLANG_WARN_COMMA = YES;
				CLANG_WARN_CONSTANT_CONVERSION = YES;
				CLANG_WARN_DEPRECATED_OBJC_IMPLEMENTATIONS = YES;
				CLANG_WARN_DIRECT_OBJC_ISA_USAGE = YES_ERROR;
				CLANG_WARN_DOCUMENTATION_COMMENTS = YES;
				CLANG_WARN_EMPTY_BODY = YES;
				CLANG_WARN_ENUM_CONVERSION = YES;
				CLANG_WARN_INFINITE_RECURSION = YES;
				CLANG_WARN_INT_CONVERSION = YES;
				CLANG_WARN_NON_LITERAL_NULL_CONVERSION = YES;
				CLANG_WARN_OBJC_IMPLICIT_RETAIN_SELF = YES;
				CLANG_WARN_OBJC_LITERAL_CONVERSION = YES;
				CLANG_WARN_OBJC_ROOT_CLASS = YES_ERROR;
				CLANG_WARN_QUOTED_INCLUDE_IN_FRAMEWORK_HEADER = YES;
				CLANG_WARN_RANGE_LOOP_ANALYSIS = YES;
				CLANG_WARN_STRICT_PROTOTYPES = YES;
				CLANG_WARN_SUSPICIOUS_MOVE = YES;
				CLANG_WARN_UNGUARDED_AVAILABILITY = YES_AGGRESSIVE;
				CLANG_WARN_UNREACHABLE_CODE = YES;
				CLANG_WARN__DUPLICATE_METHOD_MATCH = YES;
				COPY_PHASE_STRIP = NO;
				DEBUG_INFORMATION_FORMAT = "dwarf-with-dsym";
				ENABLE_NS_ASSERTIONS = NO;
				ENABLE_STRICT_OBJC_MSGSEND = YES;
				GCC_C_LANGUAGE_STANDARD = gnu11;
				GCC_NO_COMMON_BLOCKS = YES;
				GCC_WARN_64_TO_32_BIT_CONVERSION = YES;
				GCC_WARN_ABOUT_RETURN_TYPE = YES_ERROR;
				GCC_WARN_UNDECLARED_SELECTOR = YES;
				GCC_WARN_UNINITIALIZED_AUTOS = YES_AGGRESSIVE;
				GCC_WARN_UNUSED_FUNCTION = YES;
				GCC_WARN_UNUSED_VARIABLE = YES;
				IPHONEOS_DEPLOYMENT_TARGET = 15.4;
				MTL_ENABLE_DEBUG_INFO = NO;
				MTL_FAST_MATH = YES;
				SDKROOT = iphoneos;
				SWIFT_COMPILATION_MODE = wholemodule;
				SWIFT_OPTIMIZATION_LEVEL = "-O";
				VALIDATE_PRODUCT = YES;
			};
			name = Release;
		};
		6C83534727E2730E0065573E /* Debug */ = {
			isa = XCBuildConfiguration;
			buildSettings = {
				ASSETCATALOG_COMPILER_APPICON_NAME = AppIcon;
				ASSETCATALOG_COMPILER_GLOBAL_ACCENT_COLOR_NAME = AccentColor;
				CODE_SIGN_STYLE = Automatic;
				CURRENT_PROJECT_VERSION = 1;
				DEVELOPMENT_TEAM = ZQAP3TPQZT;
				GENERATE_INFOPLIST_FILE = YES;
				INFOPLIST_FILE = Quiz.ver2/Info.plist;
				INFOPLIST_KEY_UIApplicationSupportsIndirectInputEvents = YES;
				INFOPLIST_KEY_UILaunchStoryboardName = LaunchScreen;
				INFOPLIST_KEY_UIMainStoryboardFile = Main;
				INFOPLIST_KEY_UISupportedInterfaceOrientations_iPad = "UIInterfaceOrientationPortrait UIInterfaceOrientationPortraitUpsideDown UIInterfaceOrientationLandscapeLeft UIInterfaceOrientationLandscapeRight";
				INFOPLIST_KEY_UISupportedInterfaceOrientations_iPhone = "UIInterfaceOrientationPortrait UIInterfaceOrientationLandscapeLeft UIInterfaceOrientationLandscapeRight";
				LD_RUNPATH_SEARCH_PATHS = (
					"$(inherited)",
					"@executable_path/Frameworks",
				);
				MARKETING_VERSION = 1.0;
				PRODUCT_BUNDLE_IDENTIFIER = "co.appbrewery.Quiz-ver2";
				PRODUCT_NAME = "$(TARGET_NAME)";
				SWIFT_EMIT_LOC_STRINGS = YES;
				SWIFT_VERSION = 5.0;
				TARGETED_DEVICE_FAMILY = "1,2";
			};
			name = Debug;
		};
		6C83534827E2730E0065573E /* Release */ = {
			isa = XCBuildConfiguration;
			buildSettings = {
				ASSETCATALOG_COMPILER_APPICON_NAME = AppIcon;
				ASSETCATALOG_COMPILER_GLOBAL_ACCENT_COLOR_NAME = AccentColor;
				CODE_SIGN_STYLE = Automatic;
				CURRENT_PROJECT_VERSION = 1;
				DEVELOPMENT_TEAM = ZQAP3TPQZT;
				GENERATE_INFOPLIST_FILE = YES;
				INFOPLIST_FILE = Quiz.ver2/Info.plist;
				INFOPLIST_KEY_UIApplicationSupportsIndirectInputEvents = YES;
				INFOPLIST_KEY_UILaunchStoryboardName = LaunchScreen;
				INFOPLIST_KEY_UIMainStoryboardFile = Main;
				INFOPLIST_KEY_UISupportedInterfaceOrientations_iPad = "UIInterfaceOrientationPortrait UIInterfaceOrientationPortraitUpsideDown UIInterfaceOrientationLandscapeLeft UIInterfaceOrientationLandscapeRight";
				INFOPLIST_KEY_UISupportedInterfaceOrientations_iPhone = "UIInterfaceOrientationPortrait UIInterfaceOrientationLandscapeLeft UIInterfaceOrientationLandscapeRight";
				LD_RUNPATH_SEARCH_PATHS = (
					"$(inherited)",
					"@executable_path/Frameworks",
				);
				MARKETING_VERSION = 1.0;
				PRODUCT_BUNDLE_IDENTIFIER = "co.appbrewery.Quiz-ver2";
				PRODUCT_NAME = "$(TARGET_NAME)";
				SWIFT_EMIT_LOC_STRINGS = YES;
				SWIFT_VERSION = 5.0;
				TARGETED_DEVICE_FAMILY = "1,2";
			};
			name = Release;
		};
		6C83534A27E2730E0065573E /* Debug */ = {
			isa = XCBuildConfiguration;
			buildSettings = {
				ALWAYS_EMBED_SWIFT_STANDARD_LIBRARIES = YES;
				BUNDLE_LOADER = "$(TEST_HOST)";
				CODE_SIGN_STYLE = Automatic;
				CURRENT_PROJECT_VERSION = 1;
				DEVELOPMENT_TEAM = ZQAP3TPQZT;
				GENERATE_INFOPLIST_FILE = YES;
				IPHONEOS_DEPLOYMENT_TARGET = 15.4;
				MARKETING_VERSION = 1.0;
				PRODUCT_BUNDLE_IDENTIFIER = "co.appbrewery.Quiz-ver2Tests";
				PRODUCT_NAME = "$(TARGET_NAME)";
				SWIFT_EMIT_LOC_STRINGS = NO;
				SWIFT_VERSION = 5.0;
				TARGETED_DEVICE_FAMILY = "1,2";
				TEST_HOST = "$(BUILT_PRODUCTS_DIR)/Quiz.ver2.app/Quiz.ver2";
			};
			name = Debug;
		};
		6C83534B27E2730E0065573E /* Release */ = {
			isa = XCBuildConfiguration;
			buildSettings = {
				ALWAYS_EMBED_SWIFT_STANDARD_LIBRARIES = YES;
				BUNDLE_LOADER = "$(TEST_HOST)";
				CODE_SIGN_STYLE = Automatic;
				CURRENT_PROJECT_VERSION = 1;
				DEVELOPMENT_TEAM = ZQAP3TPQZT;
				GENERATE_INFOPLIST_FILE = YES;
				IPHONEOS_DEPLOYMENT_TARGET = 15.4;
				MARKETING_VERSION = 1.0;
				PRODUCT_BUNDLE_IDENTIFIER = "co.appbrewery.Quiz-ver2Tests";
				PRODUCT_NAME = "$(TARGET_NAME)";
				SWIFT_EMIT_LOC_STRINGS = NO;
				SWIFT_VERSION = 5.0;
				TARGETED_DEVICE_FAMILY = "1,2";
				TEST_HOST = "$(BUILT_PRODUCTS_DIR)/Quiz.ver2.app/Quiz.ver2";
			};
			name = Release;
		};
		6C83534D27E2730E0065573E /* Debug */ = {
			isa = XCBuildConfiguration;
			buildSettings = {
				ALWAYS_EMBED_SWIFT_STANDARD_LIBRARIES = YES;
				CODE_SIGN_STYLE = Automatic;
				CURRENT_PROJECT_VERSION = 1;
				DEVELOPMENT_TEAM = ZQAP3TPQZT;
				GENERATE_INFOPLIST_FILE = YES;
				MARKETING_VERSION = 1.0;
				PRODUCT_BUNDLE_IDENTIFIER = "co.appbrewery.Quiz-ver2UITests";
				PRODUCT_NAME = "$(TARGET_NAME)";
				SWIFT_EMIT_LOC_STRINGS = NO;
				SWIFT_VERSION = 5.0;
				TARGETED_DEVICE_FAMILY = "1,2";
				TEST_TARGET_NAME = Quiz.ver2;
			};
			name = Debug;
		};
		6C83534E27E2730E0065573E /* Release */ = {
			isa = XCBuildConfiguration;
			buildSettings = {
				ALWAYS_EMBED_SWIFT_STANDARD_LIBRARIES = YES;
				CODE_SIGN_STYLE = Automatic;
				CURRENT_PROJECT_VERSION = 1;
				DEVELOPMENT_TEAM = ZQAP3TPQZT;
				GENERATE_INFOPLIST_FILE = YES;
				MARKETING_VERSION = 1.0;
				PRODUCT_BUNDLE_IDENTIFIER = "co.appbrewery.Quiz-ver2UITests";
				PRODUCT_NAME = "$(TARGET_NAME)";
				SWIFT_EMIT_LOC_STRINGS = NO;
				SWIFT_VERSION = 5.0;
				TARGETED_DEVICE_FAMILY = "1,2";
				TEST_TARGET_NAME = Quiz.ver2;
			};
			name = Release;
		};
/* End XCBuildConfiguration section */

/* Begin XCConfigurationList section */
		6C83531727E2730D0065573E /* Build configuration list for PBXProject "Quiz.ver2" */ = {
			isa = XCConfigurationList;
			buildConfigurations = (
				6C83534427E2730E0065573E /* Debug */,
				6C83534527E2730E0065573E /* Release */,
			);
			defaultConfigurationIsVisible = 0;
			defaultConfigurationName = Release;
		};
		6C83534627E2730E0065573E /* Build configuration list for PBXNativeTarget "Quiz.ver2" */ = {
			isa = XCConfigurationList;
			buildConfigurations = (
				6C83534727E2730E0065573E /* Debug */,
				6C83534827E2730E0065573E /* Release */,
			);
			defaultConfigurationIsVisible = 0;
			defaultConfigurationName = Release;
		};
		6C83534927E2730E0065573E /* Build configuration list for PBXNativeTarget "Quiz.ver2Tests" */ = {
			isa = XCConfigurationList;
			buildConfigurations = (
				6C83534A27E2730E0065573E /* Debug */,
				6C83534B27E2730E0065573E /* Release */,
			);
			defaultConfigurationIsVisible = 0;
			defaultConfigurationName = Release;
		};
		6C83534C27E2730E0065573E /* Build configuration list for PBXNativeTarget "Quiz.ver2UITests" */ = {
			isa = XCConfigurationList;
			buildConfigurations = (
				6C83534D27E2730E0065573E /* Debug */,
				6C83534E27E2730E0065573E /* Release */,
			);
			defaultConfigurationIsVisible = 0;
			defaultConfigurationName = Release;
		};
/* End XCConfigurationList section */
	};
	rootObject = 6C83531427E2730D0065573E /* Project object */;
}
