// !$*UTF8*$!
{
	archiveVersion = 1;
	classes = {
	};
	objectVersion = 55;
	objects = {

/* Begin PBXBuildFile section */
		2B3B375F8D7653CB4C088033 /* Pods_Quiz_ver2Tests.framework in Frameworks */ = {isa = PBXBuildFile; fileRef = C647AB92ADBD063C431F8FF7 /* Pods_Quiz_ver2Tests.framework */; };
		3E3540594AF9932E78A9FC9A /* Pods_Quiz_ver2.framework in Frameworks */ = {isa = PBXBuildFile; fileRef = 4C36A69474737506D2D3D80B /* Pods_Quiz_ver2.framework */; };
		57E9A6E4F0A97747784C90C1 /* Pods_Quiz_ver2_Quiz_ver2UITests.framework in Frameworks */ = {isa = PBXBuildFile; fileRef = A27189F91FC725DFB7717787 /* Pods_Quiz_ver2_Quiz_ver2UITests.framework */; };
		6C00B0E428148E590052FA1C /* UIExtension.swift in Sources */ = {isa = PBXBuildFile; fileRef = 6C00B0E328148E590052FA1C /* UIExtension.swift */; };
		6C57BEE528095AAA00D30B2B /* NumberOfAttributesCell.swift in Sources */ = {isa = PBXBuildFile; fileRef = 6C57BEE328095AAA00D30B2B /* NumberOfAttributesCell.swift */; };
		6C57BEE628095AAA00D30B2B /* NumberOfAttributesCell.xib in Resources */ = {isa = PBXBuildFile; fileRef = 6C57BEE428095AAA00D30B2B /* NumberOfAttributesCell.xib */; };
		6C57BEE92809789F00D30B2B /* ConfirmTableViewCell.swift in Sources */ = {isa = PBXBuildFile; fileRef = 6C57BEE72809789F00D30B2B /* ConfirmTableViewCell.swift */; };
		6C57BEEA2809789F00D30B2B /* ConfirmTableViewCell.xib in Resources */ = {isa = PBXBuildFile; fileRef = 6C57BEE82809789F00D30B2B /* ConfirmTableViewCell.xib */; };
		6C57BEEE280ABE6A00D30B2B /* GoogleService-Info.plist in Resources */ = {isa = PBXBuildFile; fileRef = 6C57BEED280ABE6A00D30B2B /* GoogleService-Info.plist */; };
		6C83532027E2730D0065573E /* AppDelegate.swift in Sources */ = {isa = PBXBuildFile; fileRef = 6C83531F27E2730D0065573E /* AppDelegate.swift */; };
		6C83532227E2730D0065573E /* SceneDelegate.swift in Sources */ = {isa = PBXBuildFile; fileRef = 6C83532127E2730D0065573E /* SceneDelegate.swift */; };
		6C83532727E2730D0065573E /* Main.storyboard in Resources */ = {isa = PBXBuildFile; fileRef = 6C83532527E2730D0065573E /* Main.storyboard */; };
		6C83532927E2730E0065573E /* Assets.xcassets in Resources */ = {isa = PBXBuildFile; fileRef = 6C83532827E2730E0065573E /* Assets.xcassets */; };
		6C83532C27E2730E0065573E /* LaunchScreen.storyboard in Resources */ = {isa = PBXBuildFile; fileRef = 6C83532A27E2730E0065573E /* LaunchScreen.storyboard */; };
		6C83533727E2730E0065573E /* Quiz_ver2Tests.swift in Sources */ = {isa = PBXBuildFile; fileRef = 6C83533627E2730E0065573E /* Quiz_ver2Tests.swift */; };
		6C83534127E2730E0065573E /* Quiz_ver2UITests.swift in Sources */ = {isa = PBXBuildFile; fileRef = 6C83534027E2730E0065573E /* Quiz_ver2UITests.swift */; };
		6C83534327E2730E0065573E /* Quiz_ver2UITestsLaunchTests.swift in Sources */ = {isa = PBXBuildFile; fileRef = 6C83534227E2730E0065573E /* Quiz_ver2UITestsLaunchTests.swift */; };
		6C83535427E275520065573E /* RegisterViewController.swift in Sources */ = {isa = PBXBuildFile; fileRef = 6C83535327E275520065573E /* RegisterViewController.swift */; };
		6C83535627E2758A0065573E /* LoginViewController.swift in Sources */ = {isa = PBXBuildFile; fileRef = 6C83535527E2758A0065573E /* LoginViewController.swift */; };
		6C83535827E275BB0065573E /* LaunchViewController.swift in Sources */ = {isa = PBXBuildFile; fileRef = 6C83535727E275BB0065573E /* LaunchViewController.swift */; };
		6C83535A27E275E20065573E /* Constants.swift in Sources */ = {isa = PBXBuildFile; fileRef = 6C83535927E275E20065573E /* Constants.swift */; };
		6C83535E27E3846D0065573E /* HomeViewController.swift in Sources */ = {isa = PBXBuildFile; fileRef = 6C83535D27E3846D0065573E /* HomeViewController.swift */; };
		6C83536027E384B40065573E /* AppUser.swift in Sources */ = {isa = PBXBuildFile; fileRef = 6C83535F27E384B40065573E /* AppUser.swift */; };
		6C83536227E3C4FB0065573E /* Transition.swift in Sources */ = {isa = PBXBuildFile; fileRef = 6C83536127E3C4FB0065573E /* Transition.swift */; };
		6C83536427E4752B0065573E /* Structs.swift in Sources */ = {isa = PBXBuildFile; fileRef = 6C83536327E4752B0065573E /* Structs.swift */; };
		6C83536727E57DC00065573E /* FolderTableViewCell.swift in Sources */ = {isa = PBXBuildFile; fileRef = 6C83536527E57DC00065573E /* FolderTableViewCell.swift */; };
		6C83536827E57DC00065573E /* FolderTableViewCell.xib in Resources */ = {isa = PBXBuildFile; fileRef = 6C83536627E57DC00065573E /* FolderTableViewCell.xib */; };
		6C83536A27E582E00065573E /* Functions.swift in Sources */ = {isa = PBXBuildFile; fileRef = 6C83536927E582E00065573E /* Functions.swift */; };
		6CA62E6728076F9E00E6E24D /* SideMenuViewController.swift in Sources */ = {isa = PBXBuildFile; fileRef = 6CA62E6628076F9D00E6E24D /* SideMenuViewController.swift */; };
		6CA62E6C280770C500E6E24D /* SideMenuTableViewCell.swift in Sources */ = {isa = PBXBuildFile; fileRef = 6CA62E6A280770C500E6E24D /* SideMenuTableViewCell.swift */; };
		6CA62E6D280770C500E6E24D /* SideMenuTableViewCell.xib in Resources */ = {isa = PBXBuildFile; fileRef = 6CA62E6B280770C500E6E24D /* SideMenuTableViewCell.xib */; };
		6CA62E702809449A00E6E24D /* ChangeAttributeTableViewCell.swift in Sources */ = {isa = PBXBuildFile; fileRef = 6CA62E6E2809449A00E6E24D /* ChangeAttributeTableViewCell.swift */; };
		6CA62E712809449A00E6E24D /* ChangeAttributeTableViewCell.xib in Resources */ = {isa = PBXBuildFile; fileRef = 6CA62E6F2809449A00E6E24D /* ChangeAttributeTableViewCell.xib */; };
		6CB1921727F376AE000074CA /* FolderViewController.swift in Sources */ = {isa = PBXBuildFile; fileRef = 6CB1921627F376AE000074CA /* FolderViewController.swift */; };
		6CB1921A27F4FDA5000074CA /* DeckViewCell2Attributes.swift in Sources */ = {isa = PBXBuildFile; fileRef = 6CB1921827F4FDA5000074CA /* DeckViewCell2Attributes.swift */; };
		6CB1921B27F4FDA5000074CA /* DeckViewCell2Attributes.xib in Resources */ = {isa = PBXBuildFile; fileRef = 6CB1921927F4FDA5000074CA /* DeckViewCell2Attributes.xib */; };
		6CB1921D27F501F2000074CA /* DeckEditViewController.swift in Sources */ = {isa = PBXBuildFile; fileRef = 6CB1921C27F501F2000074CA /* DeckEditViewController.swift */; };
		6CB1922027F52EC3000074CA /* TestTableViewCell.swift in Sources */ = {isa = PBXBuildFile; fileRef = 6CB1921E27F52EC3000074CA /* TestTableViewCell.swift */; };
		6CB1922127F52EC3000074CA /* TestTableViewCell.xib in Resources */ = {isa = PBXBuildFile; fileRef = 6CB1921F27F52EC3000074CA /* TestTableViewCell.xib */; };
		6CB1922328036B05000074CA /* LearnViewController.swift in Sources */ = {isa = PBXBuildFile; fileRef = 6CB1922228036B05000074CA /* LearnViewController.swift */; };
		6CB19225280379BD000074CA /* LearnUIView.swift in Sources */ = {isa = PBXBuildFile; fileRef = 6CB19224280379BD000074CA /* LearnUIView.swift */; };
		6CB1922828038752000074CA /* LearnCollectionViewCell.swift in Sources */ = {isa = PBXBuildFile; fileRef = 6CB1922628038752000074CA /* LearnCollectionViewCell.swift */; };
		6CB1922928038752000074CA /* LearnCollectionViewCell.xib in Resources */ = {isa = PBXBuildFile; fileRef = 6CB1922728038752000074CA /* LearnCollectionViewCell.xib */; };
/* End PBXBuildFile section */

/* Begin PBXContainerItemProxy section */
		6C83533327E2730E0065573E /* PBXContainerItemProxy */ = {
			isa = PBXContainerItemProxy;
			containerPortal = 6C83531427E2730D0065573E /* Project object */;
			proxyType = 1;
			remoteGlobalIDString = 6C83531B27E2730D0065573E;
			remoteInfo = Quiz.ver2;
		};
		6C83533D27E2730E0065573E /* PBXContainerItemProxy */ = {
			isa = PBXContainerItemProxy;
			containerPortal = 6C83531427E2730D0065573E /* Project object */;
			proxyType = 1;
			remoteGlobalIDString = 6C83531B27E2730D0065573E;
			remoteInfo = Quiz.ver2;
		};
/* End PBXContainerItemProxy section */

/* Begin PBXFileReference section */
		2B1AC5557F33945E7044F1F8 /* Pods-Quiz.ver2-Quiz.ver2UITests.release.xcconfig */ = {isa = PBXFileReference; includeInIndex = 1; lastKnownFileType = text.xcconfig; name = "Pods-Quiz.ver2-Quiz.ver2UITests.release.xcconfig"; path = "Target Support Files/Pods-Quiz.ver2-Quiz.ver2UITests/Pods-Quiz.ver2-Quiz.ver2UITests.release.xcconfig"; sourceTree = "<group>"; };
		4C36A69474737506D2D3D80B /* Pods_Quiz_ver2.framework */ = {isa = PBXFileReference; explicitFileType = wrapper.framework; includeInIndex = 0; path = Pods_Quiz_ver2.framework; sourceTree = BUILT_PRODUCTS_DIR; };
		4FD2D099E5E720556F5CC2C4 /* Pods-Quiz.ver2.release.xcconfig */ = {isa = PBXFileReference; includeInIndex = 1; lastKnownFileType = text.xcconfig; name = "Pods-Quiz.ver2.release.xcconfig"; path = "Target Support Files/Pods-Quiz.ver2/Pods-Quiz.ver2.release.xcconfig"; sourceTree = "<group>"; };
		6C00B0E328148E590052FA1C /* UIExtension.swift */ = {isa = PBXFileReference; lastKnownFileType = sourcecode.swift; path = UIExtension.swift; sourceTree = "<group>"; };
		6C57BEE328095AAA00D30B2B /* NumberOfAttributesCell.swift */ = {isa = PBXFileReference; lastKnownFileType = sourcecode.swift; path = NumberOfAttributesCell.swift; sourceTree = "<group>"; };
		6C57BEE428095AAA00D30B2B /* NumberOfAttributesCell.xib */ = {isa = PBXFileReference; lastKnownFileType = file.xib; path = NumberOfAttributesCell.xib; sourceTree = "<group>"; };
		6C57BEE72809789F00D30B2B /* ConfirmTableViewCell.swift */ = {isa = PBXFileReference; lastKnownFileType = sourcecode.swift; path = ConfirmTableViewCell.swift; sourceTree = "<group>"; };
		6C57BEE82809789F00D30B2B /* ConfirmTableViewCell.xib */ = {isa = PBXFileReference; lastKnownFileType = file.xib; path = ConfirmTableViewCell.xib; sourceTree = "<group>"; };
		6C57BEED280ABE6A00D30B2B /* GoogleService-Info.plist */ = {isa = PBXFileReference; fileEncoding = 4; lastKnownFileType = text.plist.xml; path = "GoogleService-Info.plist"; sourceTree = "<group>"; };
		6C83531C27E2730D0065573E /* Quiz.ver2.app */ = {isa = PBXFileReference; explicitFileType = wrapper.application; includeInIndex = 0; path = Quiz.ver2.app; sourceTree = BUILT_PRODUCTS_DIR; };
		6C83531F27E2730D0065573E /* AppDelegate.swift */ = {isa = PBXFileReference; lastKnownFileType = sourcecode.swift; path = AppDelegate.swift; sourceTree = "<group>"; };
		6C83532127E2730D0065573E /* SceneDelegate.swift */ = {isa = PBXFileReference; lastKnownFileType = sourcecode.swift; path = SceneDelegate.swift; sourceTree = "<group>"; };
		6C83532627E2730D0065573E /* Base */ = {isa = PBXFileReference; lastKnownFileType = file.storyboard; name = Base; path = Base.lproj/Main.storyboard; sourceTree = "<group>"; };
		6C83532827E2730E0065573E /* Assets.xcassets */ = {isa = PBXFileReference; lastKnownFileType = folder.assetcatalog; path = Assets.xcassets; sourceTree = "<group>"; };
		6C83532B27E2730E0065573E /* Base */ = {isa = PBXFileReference; lastKnownFileType = file.storyboard; name = Base; path = Base.lproj/LaunchScreen.storyboard; sourceTree = "<group>"; };
		6C83532D27E2730E0065573E /* Info.plist */ = {isa = PBXFileReference; lastKnownFileType = text.plist.xml; path = Info.plist; sourceTree = "<group>"; };
		6C83533227E2730E0065573E /* Quiz.ver2Tests.xctest */ = {isa = PBXFileReference; explicitFileType = wrapper.cfbundle; includeInIndex = 0; path = Quiz.ver2Tests.xctest; sourceTree = BUILT_PRODUCTS_DIR; };
		6C83533627E2730E0065573E /* Quiz_ver2Tests.swift */ = {isa = PBXFileReference; lastKnownFileType = sourcecode.swift; path = Quiz_ver2Tests.swift; sourceTree = "<group>"; };
		6C83533C27E2730E0065573E /* Quiz.ver2UITests.xctest */ = {isa = PBXFileReference; explicitFileType = wrapper.cfbundle; includeInIndex = 0; path = Quiz.ver2UITests.xctest; sourceTree = BUILT_PRODUCTS_DIR; };
		6C83534027E2730E0065573E /* Quiz_ver2UITests.swift */ = {isa = PBXFileReference; lastKnownFileType = sourcecode.swift; path = Quiz_ver2UITests.swift; sourceTree = "<group>"; };
		6C83534227E2730E0065573E /* Quiz_ver2UITestsLaunchTests.swift */ = {isa = PBXFileReference; lastKnownFileType = sourcecode.swift; path = Quiz_ver2UITestsLaunchTests.swift; sourceTree = "<group>"; };
		6C83535327E275520065573E /* RegisterViewController.swift */ = {isa = PBXFileReference; lastKnownFileType = sourcecode.swift; path = RegisterViewController.swift; sourceTree = "<group>"; };
		6C83535527E2758A0065573E /* LoginViewController.swift */ = {isa = PBXFileReference; lastKnownFileType = sourcecode.swift; path = LoginViewController.swift; sourceTree = "<group>"; };
		6C83535727E275BB0065573E /* LaunchViewController.swift */ = {isa = PBXFileReference; lastKnownFileType = sourcecode.swift; path = LaunchViewController.swift; sourceTree = "<group>"; };
		6C83535927E275E20065573E /* Constants.swift */ = {isa = PBXFileReference; lastKnownFileType = sourcecode.swift; path = Constants.swift; sourceTree = "<group>"; };
		6C83535D27E3846D0065573E /* HomeViewController.swift */ = {isa = PBXFileReference; lastKnownFileType = sourcecode.swift; path = HomeViewController.swift; sourceTree = "<group>"; };
		6C83535F27E384B40065573E /* AppUser.swift */ = {isa = PBXFileReference; lastKnownFileType = sourcecode.swift; path = AppUser.swift; sourceTree = "<group>"; };
		6C83536127E3C4FB0065573E /* Transition.swift */ = {isa = PBXFileReference; lastKnownFileType = sourcecode.swift; path = Transition.swift; sourceTree = "<group>"; };
		6C83536327E4752B0065573E /* Structs.swift */ = {isa = PBXFileReference; lastKnownFileType = sourcecode.swift; path = Structs.swift; sourceTree = "<group>"; };
		6C83536527E57DC00065573E /* FolderTableViewCell.swift */ = {isa = PBXFileReference; lastKnownFileType = sourcecode.swift; path = FolderTableViewCell.swift; sourceTree = "<group>"; };
		6C83536627E57DC00065573E /* FolderTableViewCell.xib */ = {isa = PBXFileReference; lastKnownFileType = file.xib; path = FolderTableViewCell.xib; sourceTree = "<group>"; };
		6C83536927E582E00065573E /* Functions.swift */ = {isa = PBXFileReference; lastKnownFileType = sourcecode.swift; path = Functions.swift; sourceTree = "<group>"; };
		6CA62E6628076F9D00E6E24D /* SideMenuViewController.swift */ = {isa = PBXFileReference; lastKnownFileType = sourcecode.swift; path = SideMenuViewController.swift; sourceTree = "<group>"; };
		6CA62E6A280770C500E6E24D /* SideMenuTableViewCell.swift */ = {isa = PBXFileReference; lastKnownFileType = sourcecode.swift; path = SideMenuTableViewCell.swift; sourceTree = "<group>"; };
		6CA62E6B280770C500E6E24D /* SideMenuTableViewCell.xib */ = {isa = PBXFileReference; lastKnownFileType = file.xib; path = SideMenuTableViewCell.xib; sourceTree = "<group>"; };
		6CA62E6E2809449A00E6E24D /* ChangeAttributeTableViewCell.swift */ = {isa = PBXFileReference; lastKnownFileType = sourcecode.swift; path = ChangeAttributeTableViewCell.swift; sourceTree = "<group>"; };
		6CA62E6F2809449A00E6E24D /* ChangeAttributeTableViewCell.xib */ = {isa = PBXFileReference; lastKnownFileType = file.xib; path = ChangeAttributeTableViewCell.xib; sourceTree = "<group>"; };
		6CB1921627F376AE000074CA /* FolderViewController.swift */ = {isa = PBXFileReference; lastKnownFileType = sourcecode.swift; path = FolderViewController.swift; sourceTree = "<group>"; };
		6CB1921827F4FDA5000074CA /* DeckViewCell2Attributes.swift */ = {isa = PBXFileReference; lastKnownFileType = sourcecode.swift; path = DeckViewCell2Attributes.swift; sourceTree = "<group>"; };
		6CB1921927F4FDA5000074CA /* DeckViewCell2Attributes.xib */ = {isa = PBXFileReference; lastKnownFileType = file.xib; path = DeckViewCell2Attributes.xib; sourceTree = "<group>"; };
		6CB1921C27F501F2000074CA /* DeckEditViewController.swift */ = {isa = PBXFileReference; lastKnownFileType = sourcecode.swift; path = DeckEditViewController.swift; sourceTree = "<group>"; };
		6CB1921E27F52EC3000074CA /* TestTableViewCell.swift */ = {isa = PBXFileReference; lastKnownFileType = sourcecode.swift; path = TestTableViewCell.swift; sourceTree = "<group>"; };
		6CB1921F27F52EC3000074CA /* TestTableViewCell.xib */ = {isa = PBXFileReference; lastKnownFileType = file.xib; path = TestTableViewCell.xib; sourceTree = "<group>"; };
		6CB1922228036B05000074CA /* LearnViewController.swift */ = {isa = PBXFileReference; lastKnownFileType = sourcecode.swift; path = LearnViewController.swift; sourceTree = "<group>"; };
		6CB19224280379BD000074CA /* LearnUIView.swift */ = {isa = PBXFileReference; lastKnownFileType = sourcecode.swift; path = LearnUIView.swift; sourceTree = "<group>"; };
		6CB1922628038752000074CA /* LearnCollectionViewCell.swift */ = {isa = PBXFileReference; lastKnownFileType = sourcecode.swift; path = LearnCollectionViewCell.swift; sourceTree = "<group>"; };
		6CB1922728038752000074CA /* LearnCollectionViewCell.xib */ = {isa = PBXFileReference; lastKnownFileType = file.xib; path = LearnCollectionViewCell.xib; sourceTree = "<group>"; };
		7505EC85519278A64B29FD0B /* Pods-Quiz.ver2.debug.xcconfig */ = {isa = PBXFileReference; includeInIndex = 1; lastKnownFileType = text.xcconfig; name = "Pods-Quiz.ver2.debug.xcconfig"; path = "Target Support Files/Pods-Quiz.ver2/Pods-Quiz.ver2.debug.xcconfig"; sourceTree = "<group>"; };
		7B4623E52AC8F82C2EEA8A8E /* Pods-Quiz.ver2Tests.debug.xcconfig */ = {isa = PBXFileReference; includeInIndex = 1; lastKnownFileType = text.xcconfig; name = "Pods-Quiz.ver2Tests.debug.xcconfig"; path = "Target Support Files/Pods-Quiz.ver2Tests/Pods-Quiz.ver2Tests.debug.xcconfig"; sourceTree = "<group>"; };
		866D74E1E9C56BC83F4C381C /* Pods-Quiz.ver2-Quiz.ver2UITests.debug.xcconfig */ = {isa = PBXFileReference; includeInIndex = 1; lastKnownFileType = text.xcconfig; name = "Pods-Quiz.ver2-Quiz.ver2UITests.debug.xcconfig"; path = "Target Support Files/Pods-Quiz.ver2-Quiz.ver2UITests/Pods-Quiz.ver2-Quiz.ver2UITests.debug.xcconfig"; sourceTree = "<group>"; };
		A27189F91FC725DFB7717787 /* Pods_Quiz_ver2_Quiz_ver2UITests.framework */ = {isa = PBXFileReference; explicitFileType = wrapper.framework; includeInIndex = 0; path = Pods_Quiz_ver2_Quiz_ver2UITests.framework; sourceTree = BUILT_PRODUCTS_DIR; };
		C647AB92ADBD063C431F8FF7 /* Pods_Quiz_ver2Tests.framework */ = {isa = PBXFileReference; explicitFileType = wrapper.framework; includeInIndex = 0; path = Pods_Quiz_ver2Tests.framework; sourceTree = BUILT_PRODUCTS_DIR; };
		E3575053ABB1C82AD9751E3F /* Pods-Quiz.ver2Tests.release.xcconfig */ = {isa = PBXFileReference; includeInIndex = 1; lastKnownFileType = text.xcconfig; name = "Pods-Quiz.ver2Tests.release.xcconfig"; path = "Target Support Files/Pods-Quiz.ver2Tests/Pods-Quiz.ver2Tests.release.xcconfig"; sourceTree = "<group>"; };
/* End PBXFileReference section */

/* Begin PBXFrameworksBuildPhase section */
		6C83531927E2730D0065573E /* Frameworks */ = {
			isa = PBXFrameworksBuildPhase;
			buildActionMask = 2147483647;
			files = (
				3E3540594AF9932E78A9FC9A /* Pods_Quiz_ver2.framework in Frameworks */,
			);
			runOnlyForDeploymentPostprocessing = 0;
		};
		6C83532F27E2730E0065573E /* Frameworks */ = {
			isa = PBXFrameworksBuildPhase;
			buildActionMask = 2147483647;
			files = (
				2B3B375F8D7653CB4C088033 /* Pods_Quiz_ver2Tests.framework in Frameworks */,
			);
			runOnlyForDeploymentPostprocessing = 0;
		};
		6C83533927E2730E0065573E /* Frameworks */ = {
			isa = PBXFrameworksBuildPhase;
			buildActionMask = 2147483647;
			files = (
				57E9A6E4F0A97747784C90C1 /* Pods_Quiz_ver2_Quiz_ver2UITests.framework in Frameworks */,
			);
			runOnlyForDeploymentPostprocessing = 0;
		};
/* End PBXFrameworksBuildPhase section */

/* Begin PBXGroup section */
		476DD8B7E45B935AA6EB2925 /* Frameworks */ = {
			isa = PBXGroup;
			children = (
				4C36A69474737506D2D3D80B /* Pods_Quiz_ver2.framework */,
				A27189F91FC725DFB7717787 /* Pods_Quiz_ver2_Quiz_ver2UITests.framework */,
				C647AB92ADBD063C431F8FF7 /* Pods_Quiz_ver2Tests.framework */,
			);
			name = Frameworks;
			sourceTree = "<group>";
		};
		6C83531327E2730D0065573E = {
			isa = PBXGroup;
			children = (
				6C83531E27E2730D0065573E /* Quiz.ver2 */,
				6C83533527E2730E0065573E /* Quiz.ver2Tests */,
				6C83533F27E2730E0065573E /* Quiz.ver2UITests */,
				6C83531D27E2730D0065573E /* Products */,
				CBE200906713A785CC21ECB0 /* Pods */,
				476DD8B7E45B935AA6EB2925 /* Frameworks */,
			);
			sourceTree = "<group>";
		};
		6C83531D27E2730D0065573E /* Products */ = {
			isa = PBXGroup;
			children = (
				6C83531C27E2730D0065573E /* Quiz.ver2.app */,
				6C83533227E2730E0065573E /* Quiz.ver2Tests.xctest */,
				6C83533C27E2730E0065573E /* Quiz.ver2UITests.xctest */,
			);
			name = Products;
			sourceTree = "<group>";
		};
		6C83531E27E2730D0065573E /* Quiz.ver2 */ = {
			isa = PBXGroup;
			children = (
				6C83535227E2735E0065573E /* Others */,
				6C83535127E2734B0065573E /* View */,
				6C83535027E2733D0065573E /* Controller */,
				6C83534F27E273370065573E /* Model */,
				6C83531F27E2730D0065573E /* AppDelegate.swift */,
				6C83532127E2730D0065573E /* SceneDelegate.swift */,
				6C83532A27E2730E0065573E /* LaunchScreen.storyboard */,
				6C83532D27E2730E0065573E /* Info.plist */,
				6C57BEED280ABE6A00D30B2B /* GoogleService-Info.plist */,
			);
			path = Quiz.ver2;
			sourceTree = "<group>";
		};
		6C83533527E2730E0065573E /* Quiz.ver2Tests */ = {
			isa = PBXGroup;
			children = (
				6C83533627E2730E0065573E /* Quiz_ver2Tests.swift */,
			);
			path = Quiz.ver2Tests;
			sourceTree = "<group>";
		};
		6C83533F27E2730E0065573E /* Quiz.ver2UITests */ = {
			isa = PBXGroup;
			children = (
				6C83534027E2730E0065573E /* Quiz_ver2UITests.swift */,
				6C83534227E2730E0065573E /* Quiz_ver2UITestsLaunchTests.swift */,
			);
			path = Quiz.ver2UITests;
			sourceTree = "<group>";
		};
		6C83534F27E273370065573E /* Model */ = {
			isa = PBXGroup;
			children = (
				6C83535927E275E20065573E /* Constants.swift */,
				6C83535F27E384B40065573E /* AppUser.swift */,
				6C83536127E3C4FB0065573E /* Transition.swift */,
				6C83536327E4752B0065573E /* Structs.swift */,
				6C83536927E582E00065573E /* Functions.swift */,
				6CB19224280379BD000074CA /* LearnUIView.swift */,
				6C00B0E328148E590052FA1C /* UIExtension.swift */,
			);
			path = Model;
			sourceTree = "<group>";
		};
		6C83535027E2733D0065573E /* Controller */ = {
			isa = PBXGroup;
			children = (
				6C83535327E275520065573E /* RegisterViewController.swift */,
				6C83535527E2758A0065573E /* LoginViewController.swift */,
				6C83535727E275BB0065573E /* LaunchViewController.swift */,
				6C83535D27E3846D0065573E /* HomeViewController.swift */,
				6CB1921627F376AE000074CA /* FolderViewController.swift */,
				6CB1921C27F501F2000074CA /* DeckEditViewController.swift */,
				6CB1922228036B05000074CA /* LearnViewController.swift */,
				6CA62E6628076F9D00E6E24D /* SideMenuViewController.swift */,
			);
			path = Controller;
			sourceTree = "<group>";
		};
		6C83535127E2734B0065573E /* View */ = {
			isa = PBXGroup;
			children = (
				6C83532527E2730D0065573E /* Main.storyboard */,
				6C83536527E57DC00065573E /* FolderTableViewCell.swift */,
				6C83536627E57DC00065573E /* FolderTableViewCell.xib */,
				6CB1921827F4FDA5000074CA /* DeckViewCell2Attributes.swift */,
				6CB1921927F4FDA5000074CA /* DeckViewCell2Attributes.xib */,
				6CB1921E27F52EC3000074CA /* TestTableViewCell.swift */,
				6CB1921F27F52EC3000074CA /* TestTableViewCell.xib */,
				6CB1922628038752000074CA /* LearnCollectionViewCell.swift */,
				6CB1922728038752000074CA /* LearnCollectionViewCell.xib */,
				6CA62E6A280770C500E6E24D /* SideMenuTableViewCell.swift */,
				6CA62E6B280770C500E6E24D /* SideMenuTableViewCell.xib */,
				6CA62E6E2809449A00E6E24D /* ChangeAttributeTableViewCell.swift */,
				6CA62E6F2809449A00E6E24D /* ChangeAttributeTableViewCell.xib */,
				6C57BEE328095AAA00D30B2B /* NumberOfAttributesCell.swift */,
				6C57BEE428095AAA00D30B2B /* NumberOfAttributesCell.xib */,
				6C57BEE72809789F00D30B2B /* ConfirmTableViewCell.swift */,
				6C57BEE82809789F00D30B2B /* ConfirmTableViewCell.xib */,
			);
			path = View;
			sourceTree = "<group>";
		};
		6C83535227E2735E0065573E /* Others */ = {
			isa = PBXGroup;
			children = (
				6C83532827E2730E0065573E /* Assets.xcassets */,
			);
			path = Others;
			sourceTree = "<group>";
		};
		CBE200906713A785CC21ECB0 /* Pods */ = {
			isa = PBXGroup;
			children = (
				7505EC85519278A64B29FD0B /* Pods-Quiz.ver2.debug.xcconfig */,
				4FD2D099E5E720556F5CC2C4 /* Pods-Quiz.ver2.release.xcconfig */,
				866D74E1E9C56BC83F4C381C /* Pods-Quiz.ver2-Quiz.ver2UITests.debug.xcconfig */,
				2B1AC5557F33945E7044F1F8 /* Pods-Quiz.ver2-Quiz.ver2UITests.release.xcconfig */,
				7B4623E52AC8F82C2EEA8A8E /* Pods-Quiz.ver2Tests.debug.xcconfig */,
				E3575053ABB1C82AD9751E3F /* Pods-Quiz.ver2Tests.release.xcconfig */,
			);
			path = Pods;
			sourceTree = "<group>";
		};
/* End PBXGroup section */

/* Begin PBXNativeTarget section */
		6C83531B27E2730D0065573E /* Quiz.ver2 */ = {
			isa = PBXNativeTarget;
			buildConfigurationList = 6C83534627E2730E0065573E /* Build configuration list for PBXNativeTarget "Quiz.ver2" */;
			buildPhases = (
				7D778916B0A655BD69921B01 /* [CP] Check Pods Manifest.lock */,
				6C83531827E2730D0065573E /* Sources */,
				6C83531927E2730D0065573E /* Frameworks */,
				6C83531A27E2730D0065573E /* Resources */,
				80D92CD249D660E4F369F865 /* [CP] Embed Pods Frameworks */,
			);
			buildRules = (
			);
			dependencies = (
			);
			name = Quiz.ver2;
			productName = Quiz.ver2;
			productReference = 6C83531C27E2730D0065573E /* Quiz.ver2.app */;
			productType = "com.apple.product-type.application";
		};
		6C83533127E2730E0065573E /* Quiz.ver2Tests */ = {
			isa = PBXNativeTarget;
			buildConfigurationList = 6C83534927E2730E0065573E /* Build configuration list for PBXNativeTarget "Quiz.ver2Tests" */;
			buildPhases = (
				5A8712D7794BBB2879F83144 /* [CP] Check Pods Manifest.lock */,
				6C83532E27E2730E0065573E /* Sources */,
				6C83532F27E2730E0065573E /* Frameworks */,
				6C83533027E2730E0065573E /* Resources */,
			);
			buildRules = (
			);
			dependencies = (
				6C83533427E2730E0065573E /* PBXTargetDependency */,
			);
			name = Quiz.ver2Tests;
			productName = Quiz.ver2Tests;
			productReference = 6C83533227E2730E0065573E /* Quiz.ver2Tests.xctest */;
			productType = "com.apple.product-type.bundle.unit-test";
		};
		6C83533B27E2730E0065573E /* Quiz.ver2UITests */ = {
			isa = PBXNativeTarget;
			buildConfigurationList = 6C83534C27E2730E0065573E /* Build configuration list for PBXNativeTarget "Quiz.ver2UITests" */;
			buildPhases = (
				F9D2046E5F7CF0B8C13F4D4B /* [CP] Check Pods Manifest.lock */,
				6C83533827E2730E0065573E /* Sources */,
				6C83533927E2730E0065573E /* Frameworks */,
				6C83533A27E2730E0065573E /* Resources */,
				2841669504518799783B8F49 /* [CP] Embed Pods Frameworks */,
			);
			buildRules = (
			);
			dependencies = (
				6C83533E27E2730E0065573E /* PBXTargetDependency */,
			);
			name = Quiz.ver2UITests;
			productName = Quiz.ver2UITests;
			productReference = 6C83533C27E2730E0065573E /* Quiz.ver2UITests.xctest */;
			productType = "com.apple.product-type.bundle.ui-testing";
		};
/* End PBXNativeTarget section */

/* Begin PBXProject section */
		6C83531427E2730D0065573E /* Project object */ = {
			isa = PBXProject;
			attributes = {
				BuildIndependentTargetsInParallel = 1;
				LastSwiftUpdateCheck = 1330;
				LastUpgradeCheck = 1330;
				TargetAttributes = {
					6C83531B27E2730D0065573E = {
						CreatedOnToolsVersion = 13.3;
					};
					6C83533127E2730E0065573E = {
						CreatedOnToolsVersion = 13.3;
						TestTargetID = 6C83531B27E2730D0065573E;
					};
					6C83533B27E2730E0065573E = {
						CreatedOnToolsVersion = 13.3;
						TestTargetID = 6C83531B27E2730D0065573E;
					};
				};
			};
			buildConfigurationList = 6C83531727E2730D0065573E /* Build configuration list for PBXProject "Quiz.ver2" */;
			compatibilityVersion = "Xcode 13.0";
			developmentRegion = en;
			hasScannedForEncodings = 0;
			knownRegions = (
				en,
				Base,
			);
			mainGroup = 6C83531327E2730D0065573E;
			productRefGroup = 6C83531D27E2730D0065573E /* Products */;
			projectDirPath = "";
			projectRoot = "";
			targets = (
				6C83531B27E2730D0065573E /* Quiz.ver2 */,
				6C83533127E2730E0065573E /* Quiz.ver2Tests */,
				6C83533B27E2730E0065573E /* Quiz.ver2UITests */,
			);
		};
/* End PBXProject section */

/* Begin PBXResourcesBuildPhase section */
		6C83531A27E2730D0065573E /* Resources */ = {
			isa = PBXResourcesBuildPhase;
			buildActionMask = 2147483647;
			files = (
				6C57BEE628095AAA00D30B2B /* NumberOfAttributesCell.xib in Resources */,
				6C83532C27E2730E0065573E /* LaunchScreen.storyboard in Resources */,
				6C57BEEA2809789F00D30B2B /* ConfirmTableViewCell.xib in Resources */,
				6CA62E712809449A00E6E24D /* ChangeAttributeTableViewCell.xib in Resources */,
				6C83536827E57DC00065573E /* FolderTableViewCell.xib in Resources */,
				6C57BEEE280ABE6A00D30B2B /* GoogleService-Info.plist in Resources */,
				6C83532927E2730E0065573E /* Assets.xcassets in Resources */,
				6CB1922127F52EC3000074CA /* TestTableViewCell.xib in Resources */,
				6CB1922928038752000074CA /* LearnCollectionViewCell.xib in Resources */,
				6CA62E6D280770C500E6E24D /* SideMenuTableViewCell.xib in Resources */,
				6C83532727E2730D0065573E /* Main.storyboard in Resources */,
				6CB1921B27F4FDA5000074CA /* DeckViewCell2Attributes.xib in Resources */,
			);
			runOnlyForDeploymentPostprocessing = 0;
		};
		6C83533027E2730E0065573E /* Resources */ = {
			isa = PBXResourcesBuildPhase;
			buildActionMask = 2147483647;
			files = (
			);
			runOnlyForDeploymentPostprocessing = 0;
		};
		6C83533A27E2730E0065573E /* Resources */ = {
			isa = PBXResourcesBuildPhase;
			buildActionMask = 2147483647;
			files = (
			);
			runOnlyForDeploymentPostprocessing = 0;
		};
/* End PBXResourcesBuildPhase section */

/* Begin PBXShellScriptBuildPhase section */
		2841669504518799783B8F49 /* [CP] Embed Pods Frameworks */ = {
			isa = PBXShellScriptBuildPhase;
			buildActionMask = 2147483647;
			files = (
			);
			inputFileListPaths = (
				"${PODS_ROOT}/Target Support Files/Pods-Quiz.ver2-Quiz.ver2UITests/Pods-Quiz.ver2-Quiz.ver2UITests-frameworks-${CONFIGURATION}-input-files.xcfilelist",
			);
			name = "[CP] Embed Pods Frameworks";
			outputFileListPaths = (
				"${PODS_ROOT}/Target Support Files/Pods-Quiz.ver2-Quiz.ver2UITests/Pods-Quiz.ver2-Quiz.ver2UITests-frameworks-${CONFIGURATION}-output-files.xcfilelist",
			);
			runOnlyForDeploymentPostprocessing = 0;
			shellPath = /bin/sh;
			shellScript = "\"${PODS_ROOT}/Target Support Files/Pods-Quiz.ver2-Quiz.ver2UITests/Pods-Quiz.ver2-Quiz.ver2UITests-frameworks.sh\"\n";
			showEnvVarsInLog = 0;
		};
		5A8712D7794BBB2879F83144 /* [CP] Check Pods Manifest.lock */ = {
			isa = PBXShellScriptBuildPhase;
			buildActionMask = 2147483647;
			files = (
			);
			inputFileListPaths = (
			);
			inputPaths = (
				"${PODS_PODFILE_DIR_PATH}/Podfile.lock",
				"${PODS_ROOT}/Manifest.lock",
			);
			name = "[CP] Check Pods Manifest.lock";
			outputFileListPaths = (
			);
			outputPaths = (
				"$(DERIVED_FILE_DIR)/Pods-Quiz.ver2Tests-checkManifestLockResult.txt",
			);
			runOnlyForDeploymentPostprocessing = 0;
			shellPath = /bin/sh;
			shellScript = "diff \"${PODS_PODFILE_DIR_PATH}/Podfile.lock\" \"${PODS_ROOT}/Manifest.lock\" > /dev/null\nif [ $? != 0 ] ; then\n    # print error to STDERR\n    echo \"error: The sandbox is not in sync with the Podfile.lock. Run 'pod install' or update your CocoaPods installation.\" >&2\n    exit 1\nfi\n# This output is used by Xcode 'outputs' to avoid re-running this script phase.\necho \"SUCCESS\" > \"${SCRIPT_OUTPUT_FILE_0}\"\n";
			showEnvVarsInLog = 0;
		};
		7D778916B0A655BD69921B01 /* [CP] Check Pods Manifest.lock */ = {
			isa = PBXShellScriptBuildPhase;
			buildActionMask = 2147483647;
			files = (
			);
			inputFileListPaths = (
			);
			inputPaths = (
				"${PODS_PODFILE_DIR_PATH}/Podfile.lock",
				"${PODS_ROOT}/Manifest.lock",
			);
			name = "[CP] Check Pods Manifest.lock";
			outputFileListPaths = (
			);
			outputPaths = (
				"$(DERIVED_FILE_DIR)/Pods-Quiz.ver2-checkManifestLockResult.txt",
			);
			runOnlyForDeploymentPostprocessing = 0;
			shellPath = /bin/sh;
			shellScript = "diff \"${PODS_PODFILE_DIR_PATH}/Podfile.lock\" \"${PODS_ROOT}/Manifest.lock\" > /dev/null\nif [ $? != 0 ] ; then\n    # print error to STDERR\n    echo \"error: The sandbox is not in sync with the Podfile.lock. Run 'pod install' or update your CocoaPods installation.\" >&2\n    exit 1\nfi\n# This output is used by Xcode 'outputs' to avoid re-running this script phase.\necho \"SUCCESS\" > \"${SCRIPT_OUTPUT_FILE_0}\"\n";
			showEnvVarsInLog = 0;
		};
		80D92CD249D660E4F369F865 /* [CP] Embed Pods Frameworks */ = {
			isa = PBXShellScriptBuildPhase;
			buildActionMask = 2147483647;
			files = (
			);
			inputFileListPaths = (
				"${PODS_ROOT}/Target Support Files/Pods-Quiz.ver2/Pods-Quiz.ver2-frameworks-${CONFIGURATION}-input-files.xcfilelist",
			);
			name = "[CP] Embed Pods Frameworks";
			outputFileListPaths = (
				"${PODS_ROOT}/Target Support Files/Pods-Quiz.ver2/Pods-Quiz.ver2-frameworks-${CONFIGURATION}-output-files.xcfilelist",
			);
			runOnlyForDeploymentPostprocessing = 0;
			shellPath = /bin/sh;
			shellScript = "\"${PODS_ROOT}/Target Support Files/Pods-Quiz.ver2/Pods-Quiz.ver2-frameworks.sh\"\n";
			showEnvVarsInLog = 0;
		};
		F9D2046E5F7CF0B8C13F4D4B /* [CP] Check Pods Manifest.lock */ = {
			isa = PBXShellScriptBuildPhase;
			buildActionMask = 2147483647;
			files = (
			);
			inputFileListPaths = (
			);
			inputPaths = (
				"${PODS_PODFILE_DIR_PATH}/Podfile.lock",
				"${PODS_ROOT}/Manifest.lock",
			);
			name = "[CP] Check Pods Manifest.lock";
			outputFileListPaths = (
			);
			outputPaths = (
				"$(DERIVED_FILE_DIR)/Pods-Quiz.ver2-Quiz.ver2UITests-checkManifestLockResult.txt",
			);
			runOnlyForDeploymentPostprocessing = 0;
			shellPath = /bin/sh;
			shellScript = "diff \"${PODS_PODFILE_DIR_PATH}/Podfile.lock\" \"${PODS_ROOT}/Manifest.lock\" > /dev/null\nif [ $? != 0 ] ; then\n    # print error to STDERR\n    echo \"error: The sandbox is not in sync with the Podfile.lock. Run 'pod install' or update your CocoaPods installation.\" >&2\n    exit 1\nfi\n# This output is used by Xcode 'outputs' to avoid re-running this script phase.\necho \"SUCCESS\" > \"${SCRIPT_OUTPUT_FILE_0}\"\n";
			showEnvVarsInLog = 0;
		};
/* End PBXShellScriptBuildPhase section */

/* Begin PBXSourcesBuildPhase section */
		6C83531827E2730D0065573E /* Sources */ = {
			isa = PBXSourcesBuildPhase;
			buildActionMask = 2147483647;
			files = (
				6C83536727E57DC00065573E /* FolderTableViewCell.swift in Sources */,
				6C83536227E3C4FB0065573E /* Transition.swift in Sources */,
				6CB19225280379BD000074CA /* LearnUIView.swift in Sources */,
				6CB1921D27F501F2000074CA /* DeckEditViewController.swift in Sources */,
				6C83535627E2758A0065573E /* LoginViewController.swift in Sources */,
				6CB1921A27F4FDA5000074CA /* DeckViewCell2Attributes.swift in Sources */,
				6C57BEE92809789F00D30B2B /* ConfirmTableViewCell.swift in Sources */,
				6CB1922328036B05000074CA /* LearnViewController.swift in Sources */,
				6CB1922027F52EC3000074CA /* TestTableViewCell.swift in Sources */,
				6CA62E6728076F9E00E6E24D /* SideMenuViewController.swift in Sources */,
				6C83536427E4752B0065573E /* Structs.swift in Sources */,
				6C83535A27E275E20065573E /* Constants.swift in Sources */,
				6C83535827E275BB0065573E /* LaunchViewController.swift in Sources */,
				6CB1922828038752000074CA /* LearnCollectionViewCell.swift in Sources */,
				6C57BEE528095AAA00D30B2B /* NumberOfAttributesCell.swift in Sources */,
				6C00B0E428148E590052FA1C /* UIExtension.swift in Sources */,
				6C83535427E275520065573E /* RegisterViewController.swift in Sources */,
				6CA62E702809449A00E6E24D /* ChangeAttributeTableViewCell.swift in Sources */,
				6C83536027E384B40065573E /* AppUser.swift in Sources */,
				6CB1921727F376AE000074CA /* FolderViewController.swift in Sources */,
				6C83532027E2730D0065573E /* AppDelegate.swift in Sources */,
				6C83535E27E3846D0065573E /* HomeViewController.swift in Sources */,
				6CA62E6C280770C500E6E24D /* SideMenuTableViewCell.swift in Sources */,
				6C83532227E2730D0065573E /* SceneDelegate.swift in Sources */,
				6C83536A27E582E00065573E /* Functions.swift in Sources */,
			);
			runOnlyForDeploymentPostprocessing = 0;
		};
		6C83532E27E2730E0065573E /* Sources */ = {
			isa = PBXSourcesBuildPhase;
			buildActionMask = 2147483647;
			files = (
				6C83533727E2730E0065573E /* Quiz_ver2Tests.swift in Sources */,
			);
			runOnlyForDeploymentPostprocessing = 0;
		};
		6C83533827E2730E0065573E /* Sources */ = {
			isa = PBXSourcesBuildPhase;
			buildActionMask = 2147483647;
			files = (
				6C83534327E2730E0065573E /* Quiz_ver2UITestsLaunchTests.swift in Sources */,
				6C83534127E2730E0065573E /* Quiz_ver2UITests.swift in Sources */,
			);
			runOnlyForDeploymentPostprocessing = 0;
		};
/* End PBXSourcesBuildPhase section */

/* Begin PBXTargetDependency section */
		6C83533427E2730E0065573E /* PBXTargetDependency */ = {
			isa = PBXTargetDependency;
			target = 6C83531B27E2730D0065573E /* Quiz.ver2 */;
			targetProxy = 6C83533327E2730E0065573E /* PBXContainerItemProxy */;
		};
		6C83533E27E2730E0065573E /* PBXTargetDependency */ = {
			isa = PBXTargetDependency;
			target = 6C83531B27E2730D0065573E /* Quiz.ver2 */;
			targetProxy = 6C83533D27E2730E0065573E /* PBXContainerItemProxy */;
		};
/* End PBXTargetDependency section */

/* Begin PBXVariantGroup section */
		6C83532527E2730D0065573E /* Main.storyboard */ = {
			isa = PBXVariantGroup;
			children = (
				6C83532627E2730D0065573E /* Base */,
			);
			name = Main.storyboard;
			sourceTree = "<group>";
		};
		6C83532A27E2730E0065573E /* LaunchScreen.storyboard */ = {
			isa = PBXVariantGroup;
			children = (
				6C83532B27E2730E0065573E /* Base */,
			);
			name = LaunchScreen.storyboard;
			sourceTree = "<group>";
		};
/* End PBXVariantGroup section */

/* Begin XCBuildConfiguration section */
		6C83534427E2730E0065573E /* Debug */ = {
			isa = XCBuildConfiguration;
			buildSettings = {
				ALWAYS_SEARCH_USER_PATHS = NO;
				CLANG_ANALYZER_NONNULL = YES;
				CLANG_ANALYZER_NUMBER_OBJECT_CONVERSION = YES_AGGRESSIVE;
				CLANG_CXX_LANGUAGE_STANDARD = "gnu++17";
				CLANG_ENABLE_MODULES = YES;
				CLANG_ENABLE_OBJC_ARC = YES;
				CLANG_ENABLE_OBJC_WEAK = YES;
				CLANG_WARN_BLOCK_CAPTURE_AUTORELEASING = YES;
				CLANG_WARN_BOOL_CONVERSION = YES;
				CLANG_WARN_COMMA = YES;
				CLANG_WARN_CONSTANT_CONVERSION = YES;
				CLANG_WARN_DEPRECATED_OBJC_IMPLEMENTATIONS = YES;
				CLANG_WARN_DIRECT_OBJC_ISA_USAGE = YES_ERROR;
				CLANG_WARN_DOCUMENTATION_COMMENTS = YES;
				CLANG_WARN_EMPTY_BODY = YES;
				CLANG_WARN_ENUM_CONVERSION = YES;
				CLANG_WARN_INFINITE_RECURSION = YES;
				CLANG_WARN_INT_CONVERSION = YES;
				CLANG_WARN_NON_LITERAL_NULL_CONVERSION = YES;
				CLANG_WARN_OBJC_IMPLICIT_RETAIN_SELF = YES;
				CLANG_WARN_OBJC_LITERAL_CONVERSION = YES;
				CLANG_WARN_OBJC_ROOT_CLASS = YES_ERROR;
				CLANG_WARN_QUOTED_INCLUDE_IN_FRAMEWORK_HEADER = YES;
				CLANG_WARN_RANGE_LOOP_ANALYSIS = YES;
				CLANG_WARN_STRICT_PROTOTYPES = YES;
				CLANG_WARN_SUSPICIOUS_MOVE = YES;
				CLANG_WARN_UNGUARDED_AVAILABILITY = YES_AGGRESSIVE;
				CLANG_WARN_UNREACHABLE_CODE = YES;
				CLANG_WARN__DUPLICATE_METHOD_MATCH = YES;
				COPY_PHASE_STRIP = NO;
				DEBUG_INFORMATION_FORMAT = dwarf;
				ENABLE_STRICT_OBJC_MSGSEND = YES;
				ENABLE_TESTABILITY = YES;
				GCC_C_LANGUAGE_STANDARD = gnu11;
				GCC_DYNAMIC_NO_PIC = NO;
				GCC_NO_COMMON_BLOCKS = YES;
				GCC_OPTIMIZATION_LEVEL = 0;
				GCC_PREPROCESSOR_DEFINITIONS = (
					"DEBUG=1",
					"$(inherited)",
				);
				GCC_WARN_64_TO_32_BIT_CONVERSION = YES;
				GCC_WARN_ABOUT_RETURN_TYPE = YES_ERROR;
				GCC_WARN_UNDECLARED_SELECTOR = YES;
				GCC_WARN_UNINITIALIZED_AUTOS = YES_AGGRESSIVE;
				GCC_WARN_UNUSED_FUNCTION = YES;
				GCC_WARN_UNUSED_VARIABLE = YES;
				IPHONEOS_DEPLOYMENT_TARGET = 15.4;
				MTL_ENABLE_DEBUG_INFO = INCLUDE_SOURCE;
				MTL_FAST_MATH = YES;
				ONLY_ACTIVE_ARCH = YES;
				SDKROOT = iphoneos;
				SWIFT_ACTIVE_COMPILATION_CONDITIONS = DEBUG;
				SWIFT_OPTIMIZATION_LEVEL = "-Onone";
			};
			name = Debug;
		};
		6C83534527E2730E0065573E /* Release */ = {
			isa = XCBuildConfiguration;
			buildSettings = {
				ALWAYS_SEARCH_USER_PATHS = NO;
				CLANG_ANALYZER_NONNULL = YES;
				CLANG_ANALYZER_NUMBER_OBJECT_CONVERSION = YES_AGGRESSIVE;
				CLANG_CXX_LANGUAGE_STANDARD = "gnu++17";
				CLANG_ENABLE_MODULES = YES;
				CLANG_ENABLE_OBJC_ARC = YES;
				CLANG_ENABLE_OBJC_WEAK = YES;
				CLANG_WARN_BLOCK_CAPTURE_AUTORELEASING = YES;
				CLANG_WARN_BOOL_CONVERSION = YES;
				CLANG_WARN_COMMA = YES;
				CLANG_WARN_CONSTANT_CONVERSION = YES;
				CLANG_WARN_DEPRECATED_OBJC_IMPLEMENTATIONS = YES;
				CLANG_WARN_DIRECT_OBJC_ISA_USAGE = YES_ERROR;
				CLANG_WARN_DOCUMENTATION_COMMENTS = YES;
				CLANG_WARN_EMPTY_BODY = YES;
				CLANG_WARN_ENUM_CONVERSION = YES;
				CLANG_WARN_INFINITE_RECURSION = YES;
				CLANG_WARN_INT_CONVERSION = YES;
				CLANG_WARN_NON_LITERAL_NULL_CONVERSION = YES;
				CLANG_WARN_OBJC_IMPLICIT_RETAIN_SELF = YES;
				CLANG_WARN_OBJC_LITERAL_CONVERSION = YES;
				CLANG_WARN_OBJC_ROOT_CLASS = YES_ERROR;
				CLANG_WARN_QUOTED_INCLUDE_IN_FRAMEWORK_HEADER = YES;
				CLANG_WARN_RANGE_LOOP_ANALYSIS = YES;
				CLANG_WARN_STRICT_PROTOTYPES = YES;
				CLANG_WARN_SUSPICIOUS_MOVE = YES;
				CLANG_WARN_UNGUARDED_AVAILABILITY = YES_AGGRESSIVE;
				CLANG_WARN_UNREACHABLE_CODE = YES;
				CLANG_WARN__DUPLICATE_METHOD_MATCH = YES;
				COPY_PHASE_STRIP = NO;
				DEBUG_INFORMATION_FORMAT = "dwarf-with-dsym";
				ENABLE_NS_ASSERTIONS = NO;
				ENABLE_STRICT_OBJC_MSGSEND = YES;
				GCC_C_LANGUAGE_STANDARD = gnu11;
				GCC_NO_COMMON_BLOCKS = YES;
				GCC_WARN_64_TO_32_BIT_CONVERSION = YES;
				GCC_WARN_ABOUT_RETURN_TYPE = YES_ERROR;
				GCC_WARN_UNDECLARED_SELECTOR = YES;
				GCC_WARN_UNINITIALIZED_AUTOS = YES_AGGRESSIVE;
				GCC_WARN_UNUSED_FUNCTION = YES;
				GCC_WARN_UNUSED_VARIABLE = YES;
				IPHONEOS_DEPLOYMENT_TARGET = 15.4;
				MTL_ENABLE_DEBUG_INFO = NO;
				MTL_FAST_MATH = YES;
				SDKROOT = iphoneos;
				SWIFT_COMPILATION_MODE = wholemodule;
				SWIFT_OPTIMIZATION_LEVEL = "-O";
				VALIDATE_PRODUCT = YES;
			};
			name = Release;
		};
		6C83534727E2730E0065573E /* Debug */ = {
			isa = XCBuildConfiguration;
			baseConfigurationReference = 7505EC85519278A64B29FD0B /* Pods-Quiz.ver2.debug.xcconfig */;
			buildSettings = {
				ASSETCATALOG_COMPILER_APPICON_NAME = AppIcon;
				ASSETCATALOG_COMPILER_GLOBAL_ACCENT_COLOR_NAME = AccentColor;
				CODE_SIGN_STYLE = Automatic;
				CURRENT_PROJECT_VERSION = 1;
				DEVELOPMENT_TEAM = ZQAP3TPQZT;
				GENERATE_INFOPLIST_FILE = YES;
				INFOPLIST_FILE = Quiz.ver2/Info.plist;
				INFOPLIST_KEY_UIApplicationSupportsIndirectInputEvents = YES;
				INFOPLIST_KEY_UILaunchStoryboardName = LaunchScreen;
				INFOPLIST_KEY_UIMainStoryboardFile = Main;
				INFOPLIST_KEY_UISupportedInterfaceOrientations_iPad = "UIInterfaceOrientationPortrait UIInterfaceOrientationPortraitUpsideDown UIInterfaceOrientationLandscapeLeft UIInterfaceOrientationLandscapeRight";
				INFOPLIST_KEY_UISupportedInterfaceOrientations_iPhone = "UIInterfaceOrientationPortrait UIInterfaceOrientationLandscapeLeft UIInterfaceOrientationLandscapeRight";
				LD_RUNPATH_SEARCH_PATHS = (
					"$(inherited)",
					"@executable_path/Frameworks",
				);
				MARKETING_VERSION = 1.0;
				PRODUCT_BUNDLE_IDENTIFIER = "ktakehi.appbrewery.Quiz-ver3";
				PRODUCT_NAME = "$(TARGET_NAME)";
				SWIFT_EMIT_LOC_STRINGS = YES;
				SWIFT_VERSION = 5.0;
				TARGETED_DEVICE_FAMILY = "1,2";
			};
			name = Debug;
		};
		6C83534827E2730E0065573E /* Release */ = {
			isa = XCBuildConfiguration;
			baseConfigurationReference = 4FD2D099E5E720556F5CC2C4 /* Pods-Quiz.ver2.release.xcconfig */;
			buildSettings = {
				ASSETCATALOG_COMPILER_APPICON_NAME = AppIcon;
				ASSETCATALOG_COMPILER_GLOBAL_ACCENT_COLOR_NAME = AccentColor;
				CODE_SIGN_STYLE = Automatic;
				CURRENT_PROJECT_VERSION = 1;
				DEVELOPMENT_TEAM = ZQAP3TPQZT;
				GENERATE_INFOPLIST_FILE = YES;
				INFOPLIST_FILE = Quiz.ver2/Info.plist;
				INFOPLIST_KEY_UIApplicationSupportsIndirectInputEvents = YES;
				INFOPLIST_KEY_UILaunchStoryboardName = LaunchScreen;
				INFOPLIST_KEY_UIMainStoryboardFile = Main;
				INFOPLIST_KEY_UISupportedInterfaceOrientations_iPad = "UIInterfaceOrientationPortrait UIInterfaceOrientationPortraitUpsideDown UIInterfaceOrientationLandscapeLeft UIInterfaceOrientationLandscapeRight";
				INFOPLIST_KEY_UISupportedInterfaceOrientations_iPhone = "UIInterfaceOrientationPortrait UIInterfaceOrientationLandscapeLeft UIInterfaceOrientationLandscapeRight";
				LD_RUNPATH_SEARCH_PATHS = (
					"$(inherited)",
					"@executable_path/Frameworks",
				);
				MARKETING_VERSION = 1.0;
				PRODUCT_BUNDLE_IDENTIFIER = "ktakehi.appbrewery.Quiz-ver3";
				PRODUCT_NAME = "$(TARGET_NAME)";
				SWIFT_EMIT_LOC_STRINGS = YES;
				SWIFT_VERSION = 5.0;
				TARGETED_DEVICE_FAMILY = "1,2";
			};
			name = Release;
		};
		6C83534A27E2730E0065573E /* Debug */ = {
			isa = XCBuildConfiguration;
			baseConfigurationReference = 7B4623E52AC8F82C2EEA8A8E /* Pods-Quiz.ver2Tests.debug.xcconfig */;
			buildSettings = {
				ALWAYS_EMBED_SWIFT_STANDARD_LIBRARIES = YES;
				BUNDLE_LOADER = "$(TEST_HOST)";
				CODE_SIGN_STYLE = Automatic;
				CURRENT_PROJECT_VERSION = 1;
				DEVELOPMENT_TEAM = ZQAP3TPQZT;
				GENERATE_INFOPLIST_FILE = YES;
				IPHONEOS_DEPLOYMENT_TARGET = 15.4;
				MARKETING_VERSION = 1.0;
				PRODUCT_BUNDLE_IDENTIFIER = "co.appbrewery.Quiz-ver2Tests";
				PRODUCT_NAME = "$(TARGET_NAME)";
				SWIFT_EMIT_LOC_STRINGS = NO;
				SWIFT_VERSION = 5.0;
				TARGETED_DEVICE_FAMILY = "1,2";
				TEST_HOST = "$(BUILT_PRODUCTS_DIR)/Quiz.ver2.app/Quiz.ver2";
			};
			name = Debug;
		};
		6C83534B27E2730E0065573E /* Release */ = {
			isa = XCBuildConfiguration;
			baseConfigurationReference = E3575053ABB1C82AD9751E3F /* Pods-Quiz.ver2Tests.release.xcconfig */;
			buildSettings = {
				ALWAYS_EMBED_SWIFT_STANDARD_LIBRARIES = YES;
				BUNDLE_LOADER = "$(TEST_HOST)";
				CODE_SIGN_STYLE = Automatic;
				CURRENT_PROJECT_VERSION = 1;
				DEVELOPMENT_TEAM = ZQAP3TPQZT;
				GENERATE_INFOPLIST_FILE = YES;
				IPHONEOS_DEPLOYMENT_TARGET = 15.4;
				MARKETING_VERSION = 1.0;
				PRODUCT_BUNDLE_IDENTIFIER = "co.appbrewery.Quiz-ver2Tests";
				PRODUCT_NAME = "$(TARGET_NAME)";
				SWIFT_EMIT_LOC_STRINGS = NO;
				SWIFT_VERSION = 5.0;
				TARGETED_DEVICE_FAMILY = "1,2";
				TEST_HOST = "$(BUILT_PRODUCTS_DIR)/Quiz.ver2.app/Quiz.ver2";
			};
			name = Release;
		};
		6C83534D27E2730E0065573E /* Debug */ = {
			isa = XCBuildConfiguration;
			baseConfigurationReference = 866D74E1E9C56BC83F4C381C /* Pods-Quiz.ver2-Quiz.ver2UITests.debug.xcconfig */;
			buildSettings = {
				ALWAYS_EMBED_SWIFT_STANDARD_LIBRARIES = YES;
				CODE_SIGN_STYLE = Automatic;
				CURRENT_PROJECT_VERSION = 1;
				DEVELOPMENT_TEAM = ZQAP3TPQZT;
				GENERATE_INFOPLIST_FILE = YES;
				MARKETING_VERSION = 1.0;
				PRODUCT_BUNDLE_IDENTIFIER = "co.appbrewery.Quiz-ver2UITests";
				PRODUCT_NAME = "$(TARGET_NAME)";
				SWIFT_EMIT_LOC_STRINGS = NO;
				SWIFT_VERSION = 5.0;
				TARGETED_DEVICE_FAMILY = "1,2";
				TEST_TARGET_NAME = Quiz.ver2;
			};
			name = Debug;
		};
		6C83534E27E2730E0065573E /* Release */ = {
			isa = XCBuildConfiguration;
			baseConfigurationReference = 2B1AC5557F33945E7044F1F8 /* Pods-Quiz.ver2-Quiz.ver2UITests.release.xcconfig */;
			buildSettings = {
				ALWAYS_EMBED_SWIFT_STANDARD_LIBRARIES = YES;
				CODE_SIGN_STYLE = Automatic;
				CURRENT_PROJECT_VERSION = 1;
				DEVELOPMENT_TEAM = ZQAP3TPQZT;
				GENERATE_INFOPLIST_FILE = YES;
				MARKETING_VERSION = 1.0;
				PRODUCT_BUNDLE_IDENTIFIER = "co.appbrewery.Quiz-ver2UITests";
				PRODUCT_NAME = "$(TARGET_NAME)";
				SWIFT_EMIT_LOC_STRINGS = NO;
				SWIFT_VERSION = 5.0;
				TARGETED_DEVICE_FAMILY = "1,2";
				TEST_TARGET_NAME = Quiz.ver2;
			};
			name = Release;
		};
/* End XCBuildConfiguration section */

/* Begin XCConfigurationList section */
		6C83531727E2730D0065573E /* Build configuration list for PBXProject "Quiz.ver2" */ = {
			isa = XCConfigurationList;
			buildConfigurations = (
				6C83534427E2730E0065573E /* Debug */,
				6C83534527E2730E0065573E /* Release */,
			);
			defaultConfigurationIsVisible = 0;
			defaultConfigurationName = Release;
		};
		6C83534627E2730E0065573E /* Build configuration list for PBXNativeTarget "Quiz.ver2" */ = {
			isa = XCConfigurationList;
			buildConfigurations = (
				6C83534727E2730E0065573E /* Debug */,
				6C83534827E2730E0065573E /* Release */,
			);
			defaultConfigurationIsVisible = 0;
			defaultConfigurationName = Release;
		};
		6C83534927E2730E0065573E /* Build configuration list for PBXNativeTarget "Quiz.ver2Tests" */ = {
			isa = XCConfigurationList;
			buildConfigurations = (
				6C83534A27E2730E0065573E /* Debug */,
				6C83534B27E2730E0065573E /* Release */,
			);
			defaultConfigurationIsVisible = 0;
			defaultConfigurationName = Release;
		};
		6C83534C27E2730E0065573E /* Build configuration list for PBXNativeTarget "Quiz.ver2UITests" */ = {
			isa = XCConfigurationList;
			buildConfigurations = (
				6C83534D27E2730E0065573E /* Debug */,
				6C83534E27E2730E0065573E /* Release */,
			);
			defaultConfigurationIsVisible = 0;
			defaultConfigurationName = Release;
		};
/* End XCConfigurationList section */
	};
	rootObject = 6C83531427E2730D0065573E /* Project object */;
}
